
Microsoft Visual Studio Solution File, Format Version 12.00
# Visual Studio Version 17
VisualStudioVersion = 17.6.33815.320
MinimumVisualStudioVersion = 10.0.40219.1
Project("{FAE04EC0-301F-11D3-BF4B-00C04F79EFBC}") = "WinFormsApp1", "WinFormsApp1.csproj", "{6398817F-C017-41BE-A7DA-ED96CF5DBFCD}"
EndProject
Global
	GlobalSection(SolutionConfigurationPlatforms) = preSolution
		Debug|Any CPU = Debug|Any CPU
		Release|Any CPU = Release|Any CPU
	EndGlobalSection
	GlobalSection(ProjectConfigurationPlatforms) = postSolution
		{6398817F-C017-41BE-A7DA-ED96CF5DBFCD}.Debug|Any CPU.ActiveCfg = Debug|Any CPU
		{6398817F-C017-41BE-A7DA-ED96CF5DBFCD}.Debug|Any CPU.Build.0 = Debug|Any CPU
		{6398817F-C017-41BE-A7DA-ED96CF5DBFCD}.Release|Any CPU.ActiveCfg = Release|Any CPU
		{6398817F-C017-41BE-A7DA-ED96CF5DBFCD}.Release|Any CPU.Build.0 = Release|Any CPU
	EndGlobalSection
	GlobalSection(SolutionProperties) = preSolution
		HideSolutionNode = FALSE
	EndGlobalSection
	GlobalSection(ExtensibilityGlobals) = postSolution
		SolutionGuid = {3793E794-A687-42E9-B038-455038F59A91}
	EndGlobalSection
EndGlobal
